<?xml version="1.0" encoding="utf-8"?>
<Project ToolsVersion="4.0" xmlns="http://schemas.microsoft.com/developer/msbuild/2003">
  <ItemGroup>
    <Filter Include="Source Files">
      <UniqueIdentifier>{4FC737F1-C7A5-4376-A066-2A32D752A2FF}</UniqueIdentifier>
      <Extensions>cpp;c;cc;cxx;def;odl;idl;hpj;bat;asm;asmx</Extensions>
    </Filter>
    <Filter Include="Header Files">
      <UniqueIdentifier>{93995380-89BD-4b04-88EB-625FBE52EBFB}</UniqueIdentifier>
      <Extensions>h;hpp;hxx;hm;inl;inc;xsd</Extensions>
    </Filter>
    <Filter Include="Resource Files">
      <UniqueIdentifier>{67DA6AB6-F800-4c08-8B7A-83BB121AAD01}</UniqueIdentifier>
      <Extensions>rc;ico;cur;bmp;dlg;rc2;rct;bin;rgs;gif;jpg;jpeg;jpe;resx;tiff;tif;png;wav</Extensions>
    </Filter>
  </ItemGroup>
  <ItemGroup>
    <ClCompile Include="..\..\SpyHunterDrv64\SpyHunterDrv.c">
      <Filter>Source Files</Filter>
    </ClCompile>
    <ClCompile Include="..\..\SpyHunterDrv64\SystemVersion.c">
      <Filter>Source Files</Filter>
    </ClCompile>
    <ClCompile Include="..\..\SpyHunterDrv64\GlobalData.c">
      <Filter>Source Files</Filter>
    </ClCompile>
    <ClCompile Include="..\..\SpyHunterDrv64\Logger.c">
      <Filter>Source Files</Filter>
    </ClCompile>
    <ClCompile Include="..\..\SpyHunterDrv64\Utility.c">
      <Filter>Source Files</Filter>
    </ClCompile>
    <ClCompile Include="..\..\SpyHunterDrv64\MemoryAllocator.c">
      <Filter>Source Files</Filter>
    </ClCompile>
    <ClCompile Include="..\..\SpyHunterDrv64\KernelBase.c">
      <Filter>Source Files</Filter>
    </ClCompile>
    <ClCompile Include="..\..\SpyHunterDrv64\VariableHub.c">
      <Filter>Source Files</Filter>
    </ClCompile>
    <ClCompile Include="..\..\SpyHunterDrv64\LibC.c">
      <Filter>Source Files</Filter>
    </ClCompile>
    <ClCompile Include="..\..\SpyHunterDrv64\SSDT.c">
      <Filter>Source Files</Filter>
    </ClCompile>
    <ClCompile Include="..\..\SpyHunterDrv64\SystemOffset.c">
      <Filter>Source Files</Filter>
    </ClCompile>
  </ItemGroup>
  <ItemGroup>
    <None Include="..\..\SpyHunterDrv64\makefile">
      <Filter>Resource Files</Filter>
    </None>
    <None Include="..\..\SpyHunterDrv64\sources">
      <Filter>Resource Files</Filter>
    </None>
  </ItemGroup>
  <ItemGroup>
    <ClInclude Include="..\..\SpyHunterDrv64\ApiDefine.h">
      <Filter>Header Files</Filter>
    </ClInclude>
    <ClInclude Include="..\..\SpyHunterDrv64\GlobalData.h">
      <Filter>Header Files</Filter>
    </ClInclude>
    <ClInclude Include="..\..\SpyHunterDrv64\KernelBase.h">
      <Filter>Header Files</Filter>
    </ClInclude>
    <ClInclude Include="..\..\SpyHunterDrv64\LibC.h">
      <Filter>Header Files</Filter>
    </ClInclude>
    <ClInclude Include="..\..\SpyHunterDrv64\Logger.h">
      <Filter>Header Files</Filter>
    </ClInclude>
    <ClInclude Include="..\..\SpyHunterDrv64\MemoryAllocator.h">
      <Filter>Header Files</Filter>
    </ClInclude>
    <ClInclude Include="..\..\SpyHunterDrv64\Stdafx.h">
      <Filter>Header Files</Filter>
    </ClInclude>
    <ClInclude Include="..\..\SpyHunterDrv64\SystemDefine.h">
      <Filter>Header Files</Filter>
    </ClInclude>
    <ClInclude Include="..\..\SpyHunterDrv64\SystemVersion.h">
      <Filter>Header Files</Filter>
    </ClInclude>
    <ClInclude Include="..\..\SpyHunterDrv64\Utility.h">
      <Filter>Header Files</Filter>
    </ClInclude>
    <ClInclude Include="..\..\SpyHunterDrv64\VariableHub.h">
      <Filter>Header Files</Filter>
    </ClInclude>
    <ClInclude Include="..\..\SpyHunterDrv64\SSDT.h">
      <Filter>Header Files</Filter>
    </ClInclude>
    <ClInclude Include="..\..\SpyHunterDrv64\SystemOffset.h">
      <Filter>Header Files</Filter>
    </ClInclude>
  </ItemGroup>
</Project>