
Microsoft Visual Studio Solution File, Format Version 12.00
# Visual Studio Version 16
VisualStudioVersion = 16.0.32002.261
MinimumVisualStudioVersion = 10.0.40219.1
Project("{8BC9CEB8-8B4A-11D0-8D11-00A0C91BC942}") = "SpyHunterDrv64", "SpyHunterDrv64.vcxproj", "{AFBB11B4-DF23-4ECE-9E7D-6DDB89F2CEEF}"
EndProject
Global
	GlobalSection(SolutionConfigurationPlatforms) = preSolution
		W7CHECK|x64 = W7CHECK|x64
		W7CHECK|x86 = W7CHECK|x86
		W7FREE|x64 = W7FREE|x64
		W7FREE|x86 = W7FREE|x86
		WLHCHECK|x64 = WLHCHECK|x64
		WLHCHECK|x86 = WLHCHECK|x86
		WLHFREE|x64 = WLHFREE|x64
		WLHFREE|x86 = WLHFREE|x86
		WXPCHECK|x64 = WXPCHECK|x64
		WXPCHECK|x86 = WXPCHECK|x86
		WXPFREE|x64 = WXPFREE|x64
		WXPFREE|x86 = WXPFREE|x86
	EndGlobalSection
	GlobalSection(ProjectConfigurationPlatforms) = postSolution
		{AFBB11B4-DF23-4ECE-9E7D-6DDB89F2CEEF}.W7CHECK|x64.ActiveCfg = W7CHECK|x64
		{AFBB11B4-DF23-4ECE-9E7D-6DDB89F2CEEF}.W7CHECK|x64.Build.0 = W7CHECK|x64
		{AFBB11B4-DF23-4ECE-9E7D-6DDB89F2CEEF}.W7CHECK|x86.ActiveCfg = W7CHECK|Win32
		{AFBB11B4-DF23-4ECE-9E7D-6DDB89F2CEEF}.W7CHECK|x86.Build.0 = W7CHECK|Win32
		{AFBB11B4-DF23-4ECE-9E7D-6DDB89F2CEEF}.W7FREE|x64.ActiveCfg = W7FREE|x64
		{AFBB11B4-DF23-4ECE-9E7D-6DDB89F2CEEF}.W7FREE|x64.Build.0 = W7FREE|x64
		{AFBB11B4-DF23-4ECE-9E7D-6DDB89F2CEEF}.W7FREE|x86.ActiveCfg = W7FREE|Win32
		{AFBB11B4-DF23-4ECE-9E7D-6DDB89F2CEEF}.W7FREE|x86.Build.0 = W7FREE|Win32
		{AFBB11B4-DF23-4ECE-9E7D-6DDB89F2CEEF}.WLHCHECK|x64.ActiveCfg = WLHCHECK|x64
		{AFBB11B4-DF23-4ECE-9E7D-6DDB89F2CEEF}.WLHCHECK|x64.Build.0 = WLHCHECK|x64
		{AFBB11B4-DF23-4ECE-9E7D-6DDB89F2CEEF}.WLHCHECK|x86.ActiveCfg = WLHCHECK|Win32
		{AFBB11B4-DF23-4ECE-9E7D-6DDB89F2CEEF}.WLHCHECK|x86.Build.0 = WLHCHECK|Win32
		{AFBB11B4-DF23-4ECE-9E7D-6DDB89F2CEEF}.WLHFREE|x64.ActiveCfg = WLHFREE|x64
		{AFBB11B4-DF23-4ECE-9E7D-6DDB89F2CEEF}.WLHFREE|x64.Build.0 = WLHFREE|x64
		{AFBB11B4-DF23-4ECE-9E7D-6DDB89F2CEEF}.WLHFREE|x86.ActiveCfg = WLHFREE|Win32
		{AFBB11B4-DF23-4ECE-9E7D-6DDB89F2CEEF}.WLHFREE|x86.Build.0 = WLHFREE|Win32
		{AFBB11B4-DF23-4ECE-9E7D-6DDB89F2CEEF}.WXPCHECK|x64.ActiveCfg = WXPCHECK|x64
		{AFBB11B4-DF23-4ECE-9E7D-6DDB89F2CEEF}.WXPCHECK|x64.Build.0 = WXPCHECK|x64
		{AFBB11B4-DF23-4ECE-9E7D-6DDB89F2CEEF}.WXPCHECK|x86.ActiveCfg = WXPCHECK|Win32
		{AFBB11B4-DF23-4ECE-9E7D-6DDB89F2CEEF}.WXPCHECK|x86.Build.0 = WXPCHECK|Win32
		{AFBB11B4-DF23-4ECE-9E7D-6DDB89F2CEEF}.WXPFREE|x64.ActiveCfg = WXPFREE|x64
		{AFBB11B4-DF23-4ECE-9E7D-6DDB89F2CEEF}.WXPFREE|x64.Build.0 = WXPFREE|x64
		{AFBB11B4-DF23-4ECE-9E7D-6DDB89F2CEEF}.WXPFREE|x86.ActiveCfg = WXPFREE|Win32
		{AFBB11B4-DF23-4ECE-9E7D-6DDB89F2CEEF}.WXPFREE|x86.Build.0 = WXPFREE|Win32
	EndGlobalSection
	GlobalSection(SolutionProperties) = preSolution
		HideSolutionNode = FALSE
	EndGlobalSection
	GlobalSection(ExtensibilityGlobals) = postSolution
		SolutionGuid = {B73EF728-BE14-4BC9-888D-DA646C8A5E6E}
	EndGlobalSection
EndGlobal
